
Microsoft Visual Studio Solution File, Format Version 12.00
# Visual Studio Version 16
VisualStudioVersion = 16.0.809.10
MinimumVisualStudioVersion = 10.0.40219.1
Project("{2150E333-8FDC-42A3-9474-1A3956D46DE8}") = "Security", "Security", "{B7902E02-3776-45EF-8F05-1022DBD2085D}"
EndProject
Project("{2150E333-8FDC-42A3-9474-1A3956D46DE8}") = "Microservices", "Microservices", "{B410FADD-67FD-421D-AC09-DAC74F5617B8}"
EndProject
Project("{2150E333-8FDC-42A3-9474-1A3956D46DE8}") = "ApiGateway", "ApiGateway", "{596FBD90-2E3E-437E-A6B3-3CD7CA7ABCF3}"
EndProject
Project("{2150E333-8FDC-42A3-9474-1A3956D46DE8}") = "Catalog", "Catalog", "{9A176503-0F49-4308-B0C6-6CD88B968098}"
EndProject
Project("{2150E333-8FDC-42A3-9474-1A3956D46DE8}") = "Orders", "Orders", "{ED3511D4-7E32-4AB0-9042-D62CE4F0E913}"
EndProject
Project("{2150E333-8FDC-42A3-9474-1A3956D46DE8}") = "Payments", "Payments", "{DB187B92-F9A7-475C-A8BA-8EE31E6DC5DF}"
EndProject
Project("{FAE04EC0-301F-11D3-BF4B-00C04F79EFBC}") = "Catalog.API", "Catalog.API\Catalog.API.csproj", "{AE5DAAC5-CCA4-4BF3-8DD6-7D4BA33FA845}"
EndProject
Project("{FAE04EC0-301F-11D3-BF4B-00C04F79EFBC}") = "Orders.API", "Orders.API\Orders.API.csproj", "{E8546626-E8F5-4128-BF1A-78C110452E85}"
EndProject
Project("{FAE04EC0-301F-11D3-BF4B-00C04F79EFBC}") = "Payments.API", "Payments.API\Payments.API.csproj", "{2CCD39B1-EC60-423A-A695-FC91680FC9F5}"
EndProject
Project("{2150E333-8FDC-42A3-9474-1A3956D46DE8}") = "WebGateway", "WebGateway", "{4333C51F-8521-47DC-BF5F-A75E7F59BF5C}"
EndProject
Project("{2150E333-8FDC-42A3-9474-1A3956D46DE8}") = "Aggregations", "Aggregations", "{3C5E2AD7-EB8C-4050-B606-384C84ECD622}"
EndProject
Project("{FAE04EC0-301F-11D3-BF4B-00C04F79EFBC}") = "WebGatewai.API", "WebGatewai.API\WebGatewai.API.csproj", "{1BE9819B-08F6-4A3B-90E8-D45DC697BF15}"
EndProject
Project("{FAE04EC0-301F-11D3-BF4B-00C04F79EFBC}") = "Purchase.Aggregator", "Purchase.Aggregator\Purchase.Aggregator.csproj", "{B45403EC-2B9E-4D55-B2BB-7BFEA4961477}"
EndProject
Project("{FAE04EC0-301F-11D3-BF4B-00C04F79EFBC}") = "IdentityServer", "IdentityServer\IdentityServer.csproj", "{053F6D2F-8DD7-4D5C-B6F0-5161DACB949E}"
EndProject
Global
	GlobalSection(SolutionConfigurationPlatforms) = preSolution
		Debug|Any CPU = Debug|Any CPU
		Release|Any CPU = Release|Any CPU
	EndGlobalSection
	GlobalSection(ProjectConfigurationPlatforms) = postSolution
		{AE5DAAC5-CCA4-4BF3-8DD6-7D4BA33FA845}.Debug|Any CPU.ActiveCfg = Debug|Any CPU
		{AE5DAAC5-CCA4-4BF3-8DD6-7D4BA33FA845}.Debug|Any CPU.Build.0 = Debug|Any CPU
		{AE5DAAC5-CCA4-4BF3-8DD6-7D4BA33FA845}.Release|Any CPU.ActiveCfg = Release|Any CPU
		{AE5DAAC5-CCA4-4BF3-8DD6-7D4BA33FA845}.Release|Any CPU.Build.0 = Release|Any CPU
		{E8546626-E8F5-4128-BF1A-78C110452E85}.Debug|Any CPU.ActiveCfg = Debug|Any CPU
		{E8546626-E8F5-4128-BF1A-78C110452E85}.Debug|Any CPU.Build.0 = Debug|Any CPU
		{E8546626-E8F5-4128-BF1A-78C110452E85}.Release|Any CPU.ActiveCfg = Release|Any CPU
		{E8546626-E8F5-4128-BF1A-78C110452E85}.Release|Any CPU.Build.0 = Release|Any CPU
		{2CCD39B1-EC60-423A-A695-FC91680FC9F5}.Debug|Any CPU.ActiveCfg = Debug|Any CPU
		{2CCD39B1-EC60-423A-A695-FC91680FC9F5}.Debug|Any CPU.Build.0 = Debug|Any CPU
		{2CCD39B1-EC60-423A-A695-FC91680FC9F5}.Release|Any CPU.ActiveCfg = Release|Any CPU
		{2CCD39B1-EC60-423A-A695-FC91680FC9F5}.Release|Any CPU.Build.0 = Release|Any CPU
		{1BE9819B-08F6-4A3B-90E8-D45DC697BF15}.Debug|Any CPU.ActiveCfg = Debug|Any CPU
		{1BE9819B-08F6-4A3B-90E8-D45DC697BF15}.Debug|Any CPU.Build.0 = Debug|Any CPU
		{1BE9819B-08F6-4A3B-90E8-D45DC697BF15}.Release|Any CPU.ActiveCfg = Release|Any CPU
		{1BE9819B-08F6-4A3B-90E8-D45DC697BF15}.Release|Any CPU.Build.0 = Release|Any CPU
		{B45403EC-2B9E-4D55-B2BB-7BFEA4961477}.Debug|Any CPU.ActiveCfg = Debug|Any CPU
		{B45403EC-2B9E-4D55-B2BB-7BFEA4961477}.Debug|Any CPU.Build.0 = Debug|Any CPU
		{B45403EC-2B9E-4D55-B2BB-7BFEA4961477}.Release|Any CPU.ActiveCfg = Release|Any CPU
		{B45403EC-2B9E-4D55-B2BB-7BFEA4961477}.Release|Any CPU.Build.0 = Release|Any CPU
		{053F6D2F-8DD7-4D5C-B6F0-5161DACB949E}.Debug|Any CPU.ActiveCfg = Debug|Any CPU
		{053F6D2F-8DD7-4D5C-B6F0-5161DACB949E}.Debug|Any CPU.Build.0 = Debug|Any CPU
		{053F6D2F-8DD7-4D5C-B6F0-5161DACB949E}.Release|Any CPU.ActiveCfg = Release|Any CPU
		{053F6D2F-8DD7-4D5C-B6F0-5161DACB949E}.Release|Any CPU.Build.0 = Release|Any CPU
	EndGlobalSection
	GlobalSection(SolutionProperties) = preSolution
		HideSolutionNode = FALSE
	EndGlobalSection
	GlobalSection(ExtensibilityGlobals) = postSolution
		SolutionGuid = {0482F151-B9D5-470D-B063-8EF0803314CE}
	EndGlobalSection
	GlobalSection(NestedProjects) = preSolution
		{9A176503-0F49-4308-B0C6-6CD88B968098} = {B410FADD-67FD-421D-AC09-DAC74F5617B8}
		{ED3511D4-7E32-4AB0-9042-D62CE4F0E913} = {B410FADD-67FD-421D-AC09-DAC74F5617B8}
		{DB187B92-F9A7-475C-A8BA-8EE31E6DC5DF} = {B410FADD-67FD-421D-AC09-DAC74F5617B8}
		{AE5DAAC5-CCA4-4BF3-8DD6-7D4BA33FA845} = {9A176503-0F49-4308-B0C6-6CD88B968098}
		{E8546626-E8F5-4128-BF1A-78C110452E85} = {ED3511D4-7E32-4AB0-9042-D62CE4F0E913}
		{2CCD39B1-EC60-423A-A695-FC91680FC9F5} = {DB187B92-F9A7-475C-A8BA-8EE31E6DC5DF}
		{4333C51F-8521-47DC-BF5F-A75E7F59BF5C} = {596FBD90-2E3E-437E-A6B3-3CD7CA7ABCF3}
		{3C5E2AD7-EB8C-4050-B606-384C84ECD622} = {596FBD90-2E3E-437E-A6B3-3CD7CA7ABCF3}
		{1BE9819B-08F6-4A3B-90E8-D45DC697BF15} = {4333C51F-8521-47DC-BF5F-A75E7F59BF5C}
		{B45403EC-2B9E-4D55-B2BB-7BFEA4961477} = {3C5E2AD7-EB8C-4050-B606-384C84ECD622}
		{053F6D2F-8DD7-4D5C-B6F0-5161DACB949E} = {B7902E02-3776-45EF-8F05-1022DBD2085D}
	EndGlobalSection
EndGlobal
